// !$*UTF8*$!
{
	archiveVersion = 1;
	classes = {
	};
	objectVersion = 46;
	objects = {

/* Begin PBXBuildFile section */
		716CAA301F3A089300BC7F11 /* SpecialColumnsTableViewCell.swift in Sources */ = {isa = PBXBuildFile; fileRef = 716CAA2F1F3A089300BC7F11 /* SpecialColumnsTableViewCell.swift */; };
		8E8A035C1F3404040053CD09 /* AppDelegate.swift in Sources */ = {isa = PBXBuildFile; fileRef = 8E8A035B1F3404040053CD09 /* AppDelegate.swift */; };
		8E8A035E1F3404040053CD09 /* ViewController.swift in Sources */ = {isa = PBXBuildFile; fileRef = 8E8A035D1F3404040053CD09 /* ViewController.swift */; };
		8E8A03611F3404040053CD09 /* Main.storyboard in Resources */ = {isa = PBXBuildFile; fileRef = 8E8A035F1F3404040053CD09 /* Main.storyboard */; };
		8E8A03641F3404040053CD09 /* ColumnTableView.xcdatamodeld in Sources */ = {isa = PBXBuildFile; fileRef = 8E8A03621F3404040053CD09 /* ColumnTableView.xcdatamodeld */; };
		8E8A03661F3404040053CD09 /* Assets.xcassets in Resources */ = {isa = PBXBuildFile; fileRef = 8E8A03651F3404040053CD09 /* Assets.xcassets */; };
		8E8A03691F3404040053CD09 /* LaunchScreen.storyboard in Resources */ = {isa = PBXBuildFile; fileRef = 8E8A03671F3404040053CD09 /* LaunchScreen.storyboard */; };
		8E8A03741F3404040053CD09 /* ColumnTableViewTests.swift in Sources */ = {isa = PBXBuildFile; fileRef = 8E8A03731F3404040053CD09 /* ColumnTableViewTests.swift */; };
		8E8A037F1F3404040053CD09 /* ColumnTableViewUITests.swift in Sources */ = {isa = PBXBuildFile; fileRef = 8E8A037E1F3404040053CD09 /* ColumnTableViewUITests.swift */; };
		8E8A038E1F3405330053CD09 /* ColumnsTableView.swift in Sources */ = {isa = PBXBuildFile; fileRef = 8E8A038D1F3405330053CD09 /* ColumnsTableView.swift */; };
		8E8A03951F340BA00053CD09 /* ColumnsTableViewCell.swift in Sources */ = {isa = PBXBuildFile; fileRef = 8E8A03941F340BA00053CD09 /* ColumnsTableViewCell.swift */; };
		8E8A03971F340C9C0053CD09 /* ColumnsViewContainer.swift in Sources */ = {isa = PBXBuildFile; fileRef = 8E8A03961F340C9C0053CD09 /* ColumnsViewContainer.swift */; };
		8E8A03991F340EE30053CD09 /* ColumnsHeaderView.swift in Sources */ = {isa = PBXBuildFile; fileRef = 8E8A03981F340EE30053CD09 /* ColumnsHeaderView.swift */; };
		8E8A039C1F342B570053CD09 /* Helpers.swift in Sources */ = {isa = PBXBuildFile; fileRef = 8E8A039B1F342B570053CD09 /* Helpers.swift */; };
		8E8A039E1F342F0D0053CD09 /* ColumnContentView.swift in Sources */ = {isa = PBXBuildFile; fileRef = 8E8A039D1F342F0D0053CD09 /* ColumnContentView.swift */; };
		8E93E00E1F37E8BB00E72856 /* AnonTableViewCell.swift in Sources */ = {isa = PBXBuildFile; fileRef = 8E93E00D1F37E8BB00E72856 /* AnonTableViewCell.swift */; };
		8EC4071F1F520DB500916B55 /* GenericTableDatasource.swift in Sources */ = {isa = PBXBuildFile; fileRef = 8EC4071E1F520DB500916B55 /* GenericTableDatasource.swift */; };
		8EC407211F52149E00916B55 /* SpecialColumnsDatasource.swift in Sources */ = {isa = PBXBuildFile; fileRef = 8EC407201F52149E00916B55 /* SpecialColumnsDatasource.swift */; };
/* End PBXBuildFile section */

/* Begin PBXContainerItemProxy section */
		8E8A03701F3404040053CD09 /* PBXContainerItemProxy */ = {
			isa = PBXContainerItemProxy;
			containerPortal = 8E8A03501F3404040053CD09 /* Project object */;
			proxyType = 1;
			remoteGlobalIDString = 8E8A03571F3404040053CD09;
			remoteInfo = ColumnTableView;
		};
		8E8A037B1F3404040053CD09 /* PBXContainerItemProxy */ = {
			isa = PBXContainerItemProxy;
			containerPortal = 8E8A03501F3404040053CD09 /* Project object */;
			proxyType = 1;
			remoteGlobalIDString = 8E8A03571F3404040053CD09;
			remoteInfo = ColumnTableView;
		};
/* End PBXContainerItemProxy section */

/* Begin PBXFileReference section */
		716CAA2F1F3A089300BC7F11 /* SpecialColumnsTableViewCell.swift */ = {isa = PBXFileReference; fileEncoding = 4; lastKnownFileType = sourcecode.swift; path = SpecialColumnsTableViewCell.swift; sourceTree = "<group>"; };
		8E8A03581F3404040053CD09 /* ColumnTableView.app */ = {isa = PBXFileReference; explicitFileType = wrapper.application; includeInIndex = 0; path = ColumnTableView.app; sourceTree = BUILT_PRODUCTS_DIR; };
		8E8A035B1F3404040053CD09 /* AppDelegate.swift */ = {isa = PBXFileReference; lastKnownFileType = sourcecode.swift; path = AppDelegate.swift; sourceTree = "<group>"; };
		8E8A035D1F3404040053CD09 /* ViewController.swift */ = {isa = PBXFileReference; lastKnownFileType = sourcecode.swift; path = ViewController.swift; sourceTree = "<group>"; };
		8E8A03601F3404040053CD09 /* Base */ = {isa = PBXFileReference; lastKnownFileType = file.storyboard; name = Base; path = Base.lproj/Main.storyboard; sourceTree = "<group>"; };
		8E8A03631F3404040053CD09 /* ColumnTableView.xcdatamodel */ = {isa = PBXFileReference; lastKnownFileType = wrapper.xcdatamodel; path = ColumnTableView.xcdatamodel; sourceTree = "<group>"; };
		8E8A03651F3404040053CD09 /* Assets.xcassets */ = {isa = PBXFileReference; lastKnownFileType = folder.assetcatalog; path = Assets.xcassets; sourceTree = "<group>"; };
		8E8A03681F3404040053CD09 /* Base */ = {isa = PBXFileReference; lastKnownFileType = file.storyboard; name = Base; path = Base.lproj/LaunchScreen.storyboard; sourceTree = "<group>"; };
		8E8A036A1F3404040053CD09 /* Info.plist */ = {isa = PBXFileReference; lastKnownFileType = text.plist.xml; path = Info.plist; sourceTree = "<group>"; };
		8E8A036F1F3404040053CD09 /* ColumnTableViewTests.xctest */ = {isa = PBXFileReference; explicitFileType = wrapper.cfbundle; includeInIndex = 0; path = ColumnTableViewTests.xctest; sourceTree = BUILT_PRODUCTS_DIR; };
		8E8A03731F3404040053CD09 /* ColumnTableViewTests.swift */ = {isa = PBXFileReference; lastKnownFileType = sourcecode.swift; path = ColumnTableViewTests.swift; sourceTree = "<group>"; };
		8E8A03751F3404040053CD09 /* Info.plist */ = {isa = PBXFileReference; lastKnownFileType = text.plist.xml; path = Info.plist; sourceTree = "<group>"; };
		8E8A037A1F3404040053CD09 /* ColumnTableViewUITests.xctest */ = {isa = PBXFileReference; explicitFileType = wrapper.cfbundle; includeInIndex = 0; path = ColumnTableViewUITests.xctest; sourceTree = BUILT_PRODUCTS_DIR; };
		8E8A037E1F3404040053CD09 /* ColumnTableViewUITests.swift */ = {isa = PBXFileReference; lastKnownFileType = sourcecode.swift; path = ColumnTableViewUITests.swift; sourceTree = "<group>"; };
		8E8A03801F3404040053CD09 /* Info.plist */ = {isa = PBXFileReference; lastKnownFileType = text.plist.xml; path = Info.plist; sourceTree = "<group>"; };
		8E8A038D1F3405330053CD09 /* ColumnsTableView.swift */ = {isa = PBXFileReference; fileEncoding = 4; lastKnownFileType = sourcecode.swift; path = ColumnsTableView.swift; sourceTree = "<group>"; };
		8E8A03941F340BA00053CD09 /* ColumnsTableViewCell.swift */ = {isa = PBXFileReference; fileEncoding = 4; lastKnownFileType = sourcecode.swift; path = ColumnsTableViewCell.swift; sourceTree = "<group>"; };
		8E8A03961F340C9C0053CD09 /* ColumnsViewContainer.swift */ = {isa = PBXFileReference; fileEncoding = 4; lastKnownFileType = sourcecode.swift; path = ColumnsViewContainer.swift; sourceTree = "<group>"; };
		8E8A03981F340EE30053CD09 /* ColumnsHeaderView.swift */ = {isa = PBXFileReference; fileEncoding = 4; lastKnownFileType = sourcecode.swift; path = ColumnsHeaderView.swift; sourceTree = "<group>"; };
		8E8A039B1F342B570053CD09 /* Helpers.swift */ = {isa = PBXFileReference; fileEncoding = 4; lastKnownFileType = sourcecode.swift; path = Helpers.swift; sourceTree = "<group>"; };
		8E8A039D1F342F0D0053CD09 /* ColumnContentView.swift */ = {isa = PBXFileReference; fileEncoding = 4; lastKnownFileType = sourcecode.swift; path = ColumnContentView.swift; sourceTree = "<group>"; };
		8E93E00D1F37E8BB00E72856 /* AnonTableViewCell.swift */ = {isa = PBXFileReference; fileEncoding = 4; lastKnownFileType = sourcecode.swift; path = AnonTableViewCell.swift; sourceTree = "<group>"; };
		8EC4071E1F520DB500916B55 /* GenericTableDatasource.swift */ = {isa = PBXFileReference; fileEncoding = 4; lastKnownFileType = sourcecode.swift; path = GenericTableDatasource.swift; sourceTree = "<group>"; };
		8EC407201F52149E00916B55 /* SpecialColumnsDatasource.swift */ = {isa = PBXFileReference; fileEncoding = 4; lastKnownFileType = sourcecode.swift; path = SpecialColumnsDatasource.swift; sourceTree = "<group>"; };
/* End PBXFileReference section */

/* Begin PBXFrameworksBuildPhase section */
		8E8A03551F3404040053CD09 /* Frameworks */ = {
			isa = PBXFrameworksBuildPhase;
			buildActionMask = 2147483647;
			files = (
			);
			runOnlyForDeploymentPostprocessing = 0;
		};
		8E8A036C1F3404040053CD09 /* Frameworks */ = {
			isa = PBXFrameworksBuildPhase;
			buildActionMask = 2147483647;
			files = (
			);
			runOnlyForDeploymentPostprocessing = 0;
		};
		8E8A03771F3404040053CD09 /* Frameworks */ = {
			isa = PBXFrameworksBuildPhase;
			buildActionMask = 2147483647;
			files = (
			);
			runOnlyForDeploymentPostprocessing = 0;
		};
/* End PBXFrameworksBuildPhase section */

/* Begin PBXGroup section */
		8E8A034F1F3404040053CD09 = {
			isa = PBXGroup;
			children = (
				8E8A035A1F3404040053CD09 /* ColumnTableView */,
				8E8A03721F3404040053CD09 /* ColumnTableViewTests */,
				8E8A037D1F3404040053CD09 /* ColumnTableViewUITests */,
				8E8A03591F3404040053CD09 /* Products */,
			);
			sourceTree = "<group>";
		};
		8E8A03591F3404040053CD09 /* Products */ = {
			isa = PBXGroup;
			children = (
				8E8A03581F3404040053CD09 /* ColumnTableView.app */,
				8E8A036F1F3404040053CD09 /* ColumnTableViewTests.xctest */,
				8E8A037A1F3404040053CD09 /* ColumnTableViewUITests.xctest */,
			);
			name = Products;
			sourceTree = "<group>";
		};
		8E8A035A1F3404040053CD09 /* ColumnTableView */ = {
			isa = PBXGroup;
			children = (
				8E8A03911F34055D0053CD09 /* Resources */,
				8E8A03901F34054C0053CD09 /* Sources */,
			);
			path = ColumnTableView;
			sourceTree = "<group>";
		};
		8E8A03721F3404040053CD09 /* ColumnTableViewTests */ = {
			isa = PBXGroup;
			children = (
				8E8A03731F3404040053CD09 /* ColumnTableViewTests.swift */,
				8E8A03751F3404040053CD09 /* Info.plist */,
			);
			path = ColumnTableViewTests;
			sourceTree = "<group>";
		};
		8E8A037D1F3404040053CD09 /* ColumnTableViewUITests */ = {
			isa = PBXGroup;
			children = (
				8E8A037E1F3404040053CD09 /* ColumnTableViewUITests.swift */,
				8E8A03801F3404040053CD09 /* Info.plist */,
			);
			path = ColumnTableViewUITests;
			sourceTree = "<group>";
		};
		8E8A038C1F3405110053CD09 /* ColumnTableView */ = {
			isa = PBXGroup;
			children = (
				8E8A039D1F342F0D0053CD09 /* ColumnContentView.swift */,
				8E8A03961F340C9C0053CD09 /* ColumnsViewContainer.swift */,
				8E8A03941F340BA00053CD09 /* ColumnsTableViewCell.swift */,
				8E8A03981F340EE30053CD09 /* ColumnsHeaderView.swift */,
				8E8A038D1F3405330053CD09 /* ColumnsTableView.swift */,
			);
			name = ColumnTableView;
			sourceTree = "<group>";
		};
		8E8A038F1F3405390053CD09 /* Fuking Controllers */ = {
			isa = PBXGroup;
			children = (
				8E8A035D1F3404040053CD09 /* ViewController.swift */,
				8E93E00D1F37E8BB00E72856 /* AnonTableViewCell.swift */,
				716CAA2F1F3A089300BC7F11 /* SpecialColumnsTableViewCell.swift */,
			);
			name = "Fuking Controllers";
			sourceTree = "<group>";
		};
		8E8A03901F34054C0053CD09 /* Sources */ = {
			isa = PBXGroup;
			children = (
				8E8A039A1F342B490053CD09 /* Helpers */,
				8E8A035B1F3404040053CD09 /* AppDelegate.swift */,
				8E8A038C1F3405110053CD09 /* ColumnTableView */,
				8E8A038F1F3405390053CD09 /* Fuking Controllers */,
			);
			name = Sources;
			sourceTree = "<group>";
		};
		8E8A03911F34055D0053CD09 /* Resources */ = {
			isa = PBXGroup;
			children = (
				8E8A03931F3405790053CD09 /* Storyboards */,
				8E8A03921F3405680053CD09 /* Application */,
			);
			name = Resources;
			sourceTree = "<group>";
		};
		8E8A03921F3405680053CD09 /* Application */ = {
			isa = PBXGroup;
			children = (
				8E8A036A1F3404040053CD09 /* Info.plist */,
				8E8A03651F3404040053CD09 /* Assets.xcassets */,
				8E8A03621F3404040053CD09 /* ColumnTableView.xcdatamodeld */,
			);
			name = Application;
			sourceTree = "<group>";
		};
		8E8A03931F3405790053CD09 /* Storyboards */ = {
			isa = PBXGroup;
			children = (
				8E8A035F1F3404040053CD09 /* Main.storyboard */,
				8E8A03671F3404040053CD09 /* LaunchScreen.storyboard */,
			);
			name = Storyboards;
			sourceTree = "<group>";
		};
		8E8A039A1F342B490053CD09 /* Helpers */ = {
			isa = PBXGroup;
			children = (
				8E8A039B1F342B570053CD09 /* Helpers.swift */,
				8EC4071E1F520DB500916B55 /* GenericTableDatasource.swift */,
				8EC407201F52149E00916B55 /* SpecialColumnsDatasource.swift */,
			);
			name = Helpers;
			sourceTree = "<group>";
		};
/* End PBXGroup section */

/* Begin PBXNativeTarget section */
		8E8A03571F3404040053CD09 /* ColumnTableView */ = {
			isa = PBXNativeTarget;
			buildConfigurationList = 8E8A03831F3404040053CD09 /* Build configuration list for PBXNativeTarget "ColumnTableView" */;
			buildPhases = (
				8E8A03541F3404040053CD09 /* Sources */,
				8E8A03551F3404040053CD09 /* Frameworks */,
				8E8A03561F3404040053CD09 /* Resources */,
			);
			buildRules = (
			);
			dependencies = (
			);
			name = ColumnTableView;
			productName = ColumnTableView;
			productReference = 8E8A03581F3404040053CD09 /* ColumnTableView.app */;
			productType = "com.apple.product-type.application";
		};
		8E8A036E1F3404040053CD09 /* ColumnTableViewTests */ = {
			isa = PBXNativeTarget;
			buildConfigurationList = 8E8A03861F3404040053CD09 /* Build configuration list for PBXNativeTarget "ColumnTableViewTests" */;
			buildPhases = (
				8E8A036B1F3404040053CD09 /* Sources */,
				8E8A036C1F3404040053CD09 /* Frameworks */,
				8E8A036D1F3404040053CD09 /* Resources */,
			);
			buildRules = (
			);
			dependencies = (
				8E8A03711F3404040053CD09 /* PBXTargetDependency */,
			);
			name = ColumnTableViewTests;
			productName = ColumnTableViewTests;
			productReference = 8E8A036F1F3404040053CD09 /* ColumnTableViewTests.xctest */;
			productType = "com.apple.product-type.bundle.unit-test";
		};
		8E8A03791F3404040053CD09 /* ColumnTableViewUITests */ = {
			isa = PBXNativeTarget;
			buildConfigurationList = 8E8A03891F3404040053CD09 /* Build configuration list for PBXNativeTarget "ColumnTableViewUITests" */;
			buildPhases = (
				8E8A03761F3404040053CD09 /* Sources */,
				8E8A03771F3404040053CD09 /* Frameworks */,
				8E8A03781F3404040053CD09 /* Resources */,
			);
			buildRules = (
			);
			dependencies = (
				8E8A037C1F3404040053CD09 /* PBXTargetDependency */,
			);
			name = ColumnTableViewUITests;
			productName = ColumnTableViewUITests;
			productReference = 8E8A037A1F3404040053CD09 /* ColumnTableViewUITests.xctest */;
			productType = "com.apple.product-type.bundle.ui-testing";
		};
/* End PBXNativeTarget section */

/* Begin PBXProject section */
		8E8A03501F3404040053CD09 /* Project object */ = {
			isa = PBXProject;
			attributes = {
				LastSwiftUpdateCheck = 0830;
				LastUpgradeCheck = 0830;
				ORGANIZATIONNAME = "Jorge Luis";
				TargetAttributes = {
					8E8A03571F3404040053CD09 = {
						CreatedOnToolsVersion = 8.3.3;
						ProvisioningStyle = Automatic;
					};
					8E8A036E1F3404040053CD09 = {
						CreatedOnToolsVersion = 8.3.3;
						ProvisioningStyle = Automatic;
						TestTargetID = 8E8A03571F3404040053CD09;
					};
					8E8A03791F3404040053CD09 = {
						CreatedOnToolsVersion = 8.3.3;
						ProvisioningStyle = Automatic;
						TestTargetID = 8E8A03571F3404040053CD09;
					};
				};
			};
			buildConfigurationList = 8E8A03531F3404040053CD09 /* Build configuration list for PBXProject "ColumnTableView" */;
			compatibilityVersion = "Xcode 3.2";
			developmentRegion = English;
			hasScannedForEncodings = 0;
			knownRegions = (
				en,
				Base,
			);
			mainGroup = 8E8A034F1F3404040053CD09;
			productRefGroup = 8E8A03591F3404040053CD09 /* Products */;
			projectDirPath = "";
			projectRoot = "";
			targets = (
				8E8A03571F3404040053CD09 /* ColumnTableView */,
				8E8A036E1F3404040053CD09 /* ColumnTableViewTests */,
				8E8A03791F3404040053CD09 /* ColumnTableViewUITests */,
			);
		};
/* End PBXProject section */

/* Begin PBXResourcesBuildPhase section */
		8E8A03561F3404040053CD09 /* Resources */ = {
			isa = PBXResourcesBuildPhase;
			buildActionMask = 2147483647;
			files = (
				8E8A03691F3404040053CD09 /* LaunchScreen.storyboard in Resources */,
				8E8A03661F3404040053CD09 /* Assets.xcassets in Resources */,
				8E8A03611F3404040053CD09 /* Main.storyboard in Resources */,
			);
			runOnlyForDeploymentPostprocessing = 0;
		};
		8E8A036D1F3404040053CD09 /* Resources */ = {
			isa = PBXResourcesBuildPhase;
			buildActionMask = 2147483647;
			files = (
			);
			runOnlyForDeploymentPostprocessing = 0;
		};
		8E8A03781F3404040053CD09 /* Resources */ = {
			isa = PBXResourcesBuildPhase;
			buildActionMask = 2147483647;
			files = (
			);
			runOnlyForDeploymentPostprocessing = 0;
		};
/* End PBXResourcesBuildPhase section */

/* Begin PBXSourcesBuildPhase section */
		8E8A03541F3404040053CD09 /* Sources */ = {
			isa = PBXSourcesBuildPhase;
			buildActionMask = 2147483647;
			files = (
				8E8A03971F340C9C0053CD09 /* ColumnsViewContainer.swift in Sources */,
				8E8A035E1F3404040053CD09 /* ViewController.swift in Sources */,
				8E8A03951F340BA00053CD09 /* ColumnsTableViewCell.swift in Sources */,
				8E8A039C1F342B570053CD09 /* Helpers.swift in Sources */,
				8E8A038E1F3405330053CD09 /* ColumnsTableView.swift in Sources */,
				8E93E00E1F37E8BB00E72856 /* AnonTableViewCell.swift in Sources */,
				8EC407211F52149E00916B55 /* SpecialColumnsDatasource.swift in Sources */,
				8E8A039E1F342F0D0053CD09 /* ColumnContentView.swift in Sources */,
				8EC4071F1F520DB500916B55 /* GenericTableDatasource.swift in Sources */,
				8E8A03641F3404040053CD09 /* ColumnTableView.xcdatamodeld in Sources */,
				716CAA301F3A089300BC7F11 /* SpecialColumnsTableViewCell.swift in Sources */,
				8E8A03991F340EE30053CD09 /* ColumnsHeaderView.swift in Sources */,
				8E8A035C1F3404040053CD09 /* AppDelegate.swift in Sources */,
			);
			runOnlyForDeploymentPostprocessing = 0;
		};
		8E8A036B1F3404040053CD09 /* Sources */ = {
			isa = PBXSourcesBuildPhase;
			buildActionMask = 2147483647;
			files = (
				8E8A03741F3404040053CD09 /* ColumnTableViewTests.swift in Sources */,
			);
			runOnlyForDeploymentPostprocessing = 0;
		};
		8E8A03761F3404040053CD09 /* Sources */ = {
			isa = PBXSourcesBuildPhase;
			buildActionMask = 2147483647;
			files = (
				8E8A037F1F3404040053CD09 /* ColumnTableViewUITests.swift in Sources */,
			);
			runOnlyForDeploymentPostprocessing = 0;
		};
/* End PBXSourcesBuildPhase section */

/* Begin PBXTargetDependency section */
		8E8A03711F3404040053CD09 /* PBXTargetDependency */ = {
			isa = PBXTargetDependency;
			target = 8E8A03571F3404040053CD09 /* ColumnTableView */;
			targetProxy = 8E8A03701F3404040053CD09 /* PBXContainerItemProxy */;
		};
		8E8A037C1F3404040053CD09 /* PBXTargetDependency */ = {
			isa = PBXTargetDependency;
			target = 8E8A03571F3404040053CD09 /* ColumnTableView */;
			targetProxy = 8E8A037B1F3404040053CD09 /* PBXContainerItemProxy */;
		};
/* End PBXTargetDependency section */

/* Begin PBXVariantGroup section */
		8E8A035F1F3404040053CD09 /* Main.storyboard */ = {
			isa = PBXVariantGroup;
			children = (
				8E8A03601F3404040053CD09 /* Base */,
			);
			name = Main.storyboard;
			sourceTree = "<group>";
		};
		8E8A03671F3404040053CD09 /* LaunchScreen.storyboard */ = {
			isa = PBXVariantGroup;
			children = (
				8E8A03681F3404040053CD09 /* Base */,
			);
			name = LaunchScreen.storyboard;
			sourceTree = "<group>";
		};
/* End PBXVariantGroup section */

/* Begin XCBuildConfiguration section */
		8E8A03811F3404040053CD09 /* Debug */ = {
			isa = XCBuildConfiguration;
			buildSettings = {
				ALWAYS_SEARCH_USER_PATHS = NO;
				CLANG_ANALYZER_NONNULL = YES;
				CLANG_ANALYZER_NUMBER_OBJECT_CONVERSION = YES_AGGRESSIVE;
				CLANG_CXX_LANGUAGE_STANDARD = "gnu++0x";
				CLANG_CXX_LIBRARY = "libc++";
				CLANG_ENABLE_MODULES = YES;
				CLANG_ENABLE_OBJC_ARC = YES;
				CLANG_WARN_BOOL_CONVERSION = YES;
				CLANG_WARN_CONSTANT_CONVERSION = YES;
				CLANG_WARN_DIRECT_OBJC_ISA_USAGE = YES_ERROR;
				CLANG_WARN_DOCUMENTATION_COMMENTS = YES;
				CLANG_WARN_EMPTY_BODY = YES;
				CLANG_WARN_ENUM_CONVERSION = YES;
				CLANG_WARN_INFINITE_RECURSION = YES;
				CLANG_WARN_INT_CONVERSION = YES;
				CLANG_WARN_OBJC_ROOT_CLASS = YES_ERROR;
				CLANG_WARN_SUSPICIOUS_MOVE = YES;
				CLANG_WARN_UNREACHABLE_CODE = YES;
				CLANG_WARN__DUPLICATE_METHOD_MATCH = YES;
				"CODE_SIGN_IDENTITY[sdk=iphoneos*]" = "iPhone Developer";
				COPY_PHASE_STRIP = NO;
				DEBUG_INFORMATION_FORMAT = dwarf;
				ENABLE_STRICT_OBJC_MSGSEND = YES;
				ENABLE_TESTABILITY = YES;
				GCC_C_LANGUAGE_STANDARD = gnu99;
				GCC_DYNAMIC_NO_PIC = NO;
				GCC_NO_COMMON_BLOCKS = YES;
				GCC_OPTIMIZATION_LEVEL = 0;
				GCC_PREPROCESSOR_DEFINITIONS = (
					"DEBUG=1",
					"$(inherited)",
				);
				GCC_WARN_64_TO_32_BIT_CONVERSION = YES;
				GCC_WARN_ABOUT_RETURN_TYPE = YES_ERROR;
				GCC_WARN_UNDECLARED_SELECTOR = YES;
				GCC_WARN_UNINITIALIZED_AUTOS = YES_AGGRESSIVE;
				GCC_WARN_UNUSED_FUNCTION = YES;
				GCC_WARN_UNUSED_VARIABLE = YES;
				IPHONEOS_DEPLOYMENT_TARGET = 10.3;
				MTL_ENABLE_DEBUG_INFO = YES;
				ONLY_ACTIVE_ARCH = YES;
				SDKROOT = iphoneos;
				SWIFT_ACTIVE_COMPILATION_CONDITIONS = DEBUG;
				SWIFT_OPTIMIZATION_LEVEL = "-Onone";
				TARGETED_DEVICE_FAMILY = "1,2";
			};
			name = Debug;
		};
		8E8A03821F3404040053CD09 /* Release */ = {
			isa = XCBuildConfiguration;
			buildSettings = {
				ALWAYS_SEARCH_USER_PATHS = NO;
				CLANG_ANALYZER_NONNULL = YES;
				CLANG_ANALYZER_NUMBER_OBJECT_CONVERSION = YES_AGGRESSIVE;
				CLANG_CXX_LANGUAGE_STANDARD = "gnu++0x";
				CLANG_CXX_LIBRARY = "libc++";
				CLANG_ENABLE_MODULES = YES;
				CLANG_ENABLE_OBJC_ARC = YES;
				CLANG_WARN_BOOL_CONVERSION = YES;
				CLANG_WARN_CONSTANT_CONVERSION = YES;
				CLANG_WARN_DIRECT_OBJC_ISA_USAGE = YES_ERROR;
				CLANG_WARN_DOCUMENTATION_COMMENTS = YES;
				CLANG_WARN_EMPTY_BODY = YES;
				CLANG_WARN_ENUM_CONVERSION = YES;
				CLANG_WARN_INFINITE_RECURSION = YES;
				CLANG_WARN_INT_CONVERSION = YES;
				CLANG_WARN_OBJC_ROOT_CLASS = YES_ERROR;
				CLANG_WARN_SUSPICIOUS_MOVE = YES;
				CLANG_WARN_UNREACHABLE_CODE = YES;
				CLANG_WARN__DUPLICATE_METHOD_MATCH = YES;
				"CODE_SIGN_IDENTITY[sdk=iphoneos*]" = "iPhone Developer";
				COPY_PHASE_STRIP = NO;
				DEBUG_INFORMATION_FORMAT = "dwarf-with-dsym";
				ENABLE_NS_ASSERTIONS = NO;
				ENABLE_STRICT_OBJC_MSGSEND = YES;
				GCC_C_LANGUAGE_STANDARD = gnu99;
				GCC_NO_COMMON_BLOCKS = YES;
				GCC_WARN_64_TO_32_BIT_CONVERSION = YES;
				GCC_WARN_ABOUT_RETURN_TYPE = YES_ERROR;
				GCC_WARN_UNDECLARED_SELECTOR = YES;
				GCC_WARN_UNINITIALIZED_AUTOS = YES_AGGRESSIVE;
				GCC_WARN_UNUSED_FUNCTION = YES;
				GCC_WARN_UNUSED_VARIABLE = YES;
				IPHONEOS_DEPLOYMENT_TARGET = 10.3;
				MTL_ENABLE_DEBUG_INFO = NO;
				SDKROOT = iphoneos;
				SWIFT_OPTIMIZATION_LEVEL = "-Owholemodule";
				TARGETED_DEVICE_FAMILY = "1,2";
				VALIDATE_PRODUCT = YES;
			};
			name = Release;
		};
		8E8A03841F3404040053CD09 /* Debug */ = {
			isa = XCBuildConfiguration;
			buildSettings = {
				ASSETCATALOG_COMPILER_APPICON_NAME = AppIcon;
				DEVELOPMENT_TEAM = "";
				INFOPLIST_FILE = ColumnTableView/Info.plist;
				IPHONEOS_DEPLOYMENT_TARGET = 9.0;
				LD_RUNPATH_SEARCH_PATHS = "$(inherited) @executable_path/Frameworks";
				PRODUCT_BUNDLE_IDENTIFIER = jorge.xavier.ColumnTableView;
				PRODUCT_NAME = "$(TARGET_NAME)";
				SWIFT_VERSION = 3.0;
				TARGETED_DEVICE_FAMILY = 2;
			};
			name = Debug;
		};
		8E8A03851F3404040053CD09 /* Release */ = {
			isa = XCBuildConfiguration;
			buildSettings = {
				ASSETCATALOG_COMPILER_APPICON_NAME = AppIcon;
				DEVELOPMENT_TEAM = "";
				INFOPLIST_FILE = ColumnTableView/Info.plist;
				IPHONEOS_DEPLOYMENT_TARGET = 9.0;
				LD_RUNPATH_SEARCH_PATHS = "$(inherited) @executable_path/Frameworks";
				PRODUCT_BUNDLE_IDENTIFIER = jorge.xavier.ColumnTableView;
				PRODUCT_NAME = "$(TARGET_NAME)";
				SWIFT_VERSION = 3.0;
				TARGETED_DEVICE_FAMILY = 2;
			};
			name = Release;
		};
		8E8A03871F3404040053CD09 /* Debug */ = {
			isa = XCBuildConfiguration;
			buildSettings = {
				ALWAYS_EMBED_SWIFT_STANDARD_LIBRARIES = YES;
				BUNDLE_LOADER = "$(TEST_HOST)";
				INFOPLIST_FILE = ColumnTableViewTests/Info.plist;
				LD_RUNPATH_SEARCH_PATHS = "$(inherited) @executable_path/Frameworks @loader_path/Frameworks";
				PRODUCT_BUNDLE_IDENTIFIER = jorge.xavier.ColumnTableViewTests;
				PRODUCT_NAME = "$(TARGET_NAME)";
				SWIFT_VERSION = 3.0;
				TEST_HOST = "$(BUILT_PRODUCTS_DIR)/ColumnTableView.app/ColumnTableView";
			};
			name = Debug;
		};
		8E8A03881F3404040053CD09 /* Release */ = {
			isa = XCBuildConfiguration;
			buildSettings = {
				ALWAYS_EMBED_SWIFT_STANDARD_LIBRARIES = YES;
				BUNDLE_LOADER = "$(TEST_HOST)";
				INFOPLIST_FILE = ColumnTableViewTests/Info.plist;
				LD_RUNPATH_SEARCH_PATHS = "$(inherited) @executable_path/Frameworks @loader_path/Frameworks";
				PRODUCT_BUNDLE_IDENTIFIER = jorge.xavier.ColumnTableViewTests;
				PRODUCT_NAME = "$(TARGET_NAME)";
				SWIFT_VERSION = 3.0;
				TEST_HOST = "$(BUILT_PRODUCTS_DIR)/ColumnTableView.app/ColumnTableView";
			};
			name = Release;
		};
		8E8A038A1F3404040053CD09 /* Debug */ = {
			isa = XCBuildConfiguration;
			buildSettings = {
				ALWAYS_EMBED_SWIFT_STANDARD_LIBRARIES = YES;
				INFOPLIST_FILE = ColumnTableViewUITests/Info.plist;
				LD_RUNPATH_SEARCH_PATHS = "$(inherited) @executable_path/Frameworks @loader_path/Frameworks";
				PRODUCT_BUNDLE_IDENTIFIER = jorge.xavier.ColumnTableViewUITests;
				PRODUCT_NAME = "$(TARGET_NAME)";
				SWIFT_VERSION = 3.0;
				TEST_TARGET_NAME = ColumnTableView;
			};
			name = Debug;
		};
		8E8A038B1F3404040053CD09 /* Release */ = {
			isa = XCBuildConfiguration;
			buildSettings = {
				ALWAYS_EMBED_SWIFT_STANDARD_LIBRARIES = YES;
				INFOPLIST_FILE = ColumnTableViewUITests/Info.plist;
				LD_RUNPATH_SEARCH_PATHS = "$(inherited) @executable_path/Frameworks @loader_path/Frameworks";
				PRODUCT_BUNDLE_IDENTIFIER = jorge.xavier.ColumnTableViewUITests;
				PRODUCT_NAME = "$(TARGET_NAME)";
				SWIFT_VERSION = 3.0;
				TEST_TARGET_NAME = ColumnTableView;
			};
			name = Release;
		};
/* End XCBuildConfiguration section */

/* Begin XCConfigurationList section */
		8E8A03531F3404040053CD09 /* Build configuration list for PBXProject "ColumnTableView" */ = {
			isa = XCConfigurationList;
			buildConfigurations = (
				8E8A03811F3404040053CD09 /* Debug */,
				8E8A03821F3404040053CD09 /* Release */,
			);
			defaultConfigurationIsVisible = 0;
			defaultConfigurationName = Release;
		};
		8E8A03831F3404040053CD09 /* Build configuration list for PBXNativeTarget "ColumnTableView" */ = {
			isa = XCConfigurationList;
			buildConfigurations = (
				8E8A03841F3404040053CD09 /* Debug */,
				8E8A03851F3404040053CD09 /* Release */,
			);
			defaultConfigurationIsVisible = 0;
			defaultConfigurationName = Release;
		};
		8E8A03861F3404040053CD09 /* Build configuration list for PBXNativeTarget "ColumnTableViewTests" */ = {
			isa = XCConfigurationList;
			buildConfigurations = (
				8E8A03871F3404040053CD09 /* Debug */,
				8E8A03881F3404040053CD09 /* Release */,
			);
			defaultConfigurationIsVisible = 0;
			defaultConfigurationName = Release;
		};
		8E8A03891F3404040053CD09 /* Build configuration list for PBXNativeTarget "ColumnTableViewUITests" */ = {
			isa = XCConfigurationList;
			buildConfigurations = (
				8E8A038A1F3404040053CD09 /* Debug */,
				8E8A038B1F3404040053CD09 /* Release */,
			);
			defaultConfigurationIsVisible = 0;
			defaultConfigurationName = Release;
		};
/* End XCConfigurationList section */

/* Begin XCVersionGroup section */
		8E8A03621F3404040053CD09 /* ColumnTableView.xcdatamodeld */ = {
			isa = XCVersionGroup;
			children = (
				8E8A03631F3404040053CD09 /* ColumnTableView.xcdatamodel */,
			);
			currentVersion = 8E8A03631F3404040053CD09 /* ColumnTableView.xcdatamodel */;
			path = ColumnTableView.xcdatamodeld;
			sourceTree = "<group>";
			versionGroupType = wrapper.xcdatamodel;
		};
/* End XCVersionGroup section */
	};
	rootObject = 8E8A03501F3404040053CD09 /* Project object */;
}
